
Microsoft Visual Studio Solution File, Format Version 12.00
# Visual Studio Version 16
VisualStudioVersion = 16.0.30413.136
MinimumVisualStudioVersion = 10.0.40219.1
Project("{FAE04EC0-301F-11D3-BF4B-00C04F79EFBC}") = "Clansty.tianlang", "Clansty.tianlang\Clansty.tianlang.csproj", "{E4C29D68-45B4-4EF2-B24B-557A267C6C80}"
EndProject
Global
	GlobalSection(SolutionConfigurationPlatforms) = preSolution
		Debug|x64 = Debug|x64
		Release|x64 = Release|x64
	EndGlobalSection
	GlobalSection(ProjectConfigurationPlatforms) = postSolution
		{E4C29D68-45B4-4EF2-B24B-557A267C6C80}.Debug|x64.ActiveCfg = Debug|x64
		{E4C29D68-45B4-4EF2-B24B-557A267C6C80}.Debug|x64.Build.0 = Debug|x64
		{E4C29D68-45B4-4EF2-B24B-557A267C6C80}.Release|x64.ActiveCfg = Release|x64
		{E4C29D68-45B4-4EF2-B24B-557A267C6C80}.Release|x64.Build.0 = Release|x64
	EndGlobalSection
	GlobalSection(SolutionProperties) = preSolution
		HideSolutionNode = FALSE
	EndGlobalSection
	GlobalSection(ExtensibilityGlobals) = postSolution
		SolutionGuid = {6CB9B43A-F391-44BA-9F85-98D4AF378ACB}
	EndGlobalSection
EndGlobal
