
Microsoft Visual Studio Solution File, Format Version 12.00
# Visual Studio Version 16
VisualStudioVersion = 16.0.30320.27
MinimumVisualStudioVersion = 10.0.40219.1
Project("{FAE04EC0-301F-11D3-BF4B-00C04F79EFBC}") = "LemonApp", "LemonApp\LemonApp.csproj", "{9D1B09EC-ECB6-44E9-AD6A-3CCA8C095506}"
EndProject
Project("{FAE04EC0-301F-11D3-BF4B-00C04F79EFBC}") = "UjyTools", "UjyTools\UjyTools.csproj", "{F566B6CB-F69D-47E7-9207-09459171B56D}"
EndProject
Project("{FAE04EC0-301F-11D3-BF4B-00C04F79EFBC}") = "BotTester", "BotTester\BotTester.csproj", "{A19B4055-7CBC-427F-8DE6-1DDAAD4DD2EB}"
EndProject
Global
	GlobalSection(SolutionConfigurationPlatforms) = preSolution
		Debug|Any CPU = Debug|Any CPU
		Release|Any CPU = Release|Any CPU
	EndGlobalSection
	GlobalSection(ProjectConfigurationPlatforms) = postSolution
		{9D1B09EC-ECB6-44E9-AD6A-3CCA8C095506}.Debug|Any CPU.ActiveCfg = Debug|x86
		{9D1B09EC-ECB6-44E9-AD6A-3CCA8C095506}.Debug|Any CPU.Build.0 = Debug|x86
		{9D1B09EC-ECB6-44E9-AD6A-3CCA8C095506}.Release|Any CPU.ActiveCfg = Release|x86
		{9D1B09EC-ECB6-44E9-AD6A-3CCA8C095506}.Release|Any CPU.Build.0 = Release|x86
		{F566B6CB-F69D-47E7-9207-09459171B56D}.Debug|Any CPU.ActiveCfg = Debug|x64
		{F566B6CB-F69D-47E7-9207-09459171B56D}.Debug|Any CPU.Build.0 = Debug|x64
		{F566B6CB-F69D-47E7-9207-09459171B56D}.Release|Any CPU.ActiveCfg = Release|x64
		{F566B6CB-F69D-47E7-9207-09459171B56D}.Release|Any CPU.Build.0 = Release|x64
		{A19B4055-7CBC-427F-8DE6-1DDAAD4DD2EB}.Debug|Any CPU.ActiveCfg = Debug|x86
		{A19B4055-7CBC-427F-8DE6-1DDAAD4DD2EB}.Debug|Any CPU.Build.0 = Debug|x86
		{A19B4055-7CBC-427F-8DE6-1DDAAD4DD2EB}.Release|Any CPU.ActiveCfg = Release|x86
	EndGlobalSection
	GlobalSection(SolutionProperties) = preSolution
		HideSolutionNode = FALSE
	EndGlobalSection
	GlobalSection(ExtensibilityGlobals) = postSolution
		SolutionGuid = {6A2C6C21-76F6-4ABE-B77B-EFEC17B3A35C}
	EndGlobalSection
EndGlobal
