
Microsoft Visual Studio Solution File, Format Version 12.00
# Visual Studio 15
VisualStudioVersion = 15.0.26430.16
MinimumVisualStudioVersion = 10.0.40219.1
Project("{FAE04EC0-301F-11D3-BF4B-00C04F79EFBC}") = "甜狼", "tl\甜狼.csproj", "{A42D2AA2-DD47-476D-9E12-B56F2D54CAEC}"
EndProject
Project("{FAE04EC0-301F-11D3-BF4B-00C04F79EFBC}") = "CGIUserInfo", "CGIUserInfo\CGIUserInfo.csproj", "{3769BAC9-C89F-4EAC-85A0-27CD4728EA5F}"
EndProject
Global
	GlobalSection(SolutionConfigurationPlatforms) = preSolution
		Poi~|Nya~ = Poi~|Nya~
	EndGlobalSection
	GlobalSection(ProjectConfigurationPlatforms) = postSolution
		{A42D2AA2-DD47-476D-9E12-B56F2D54CAEC}.Poi~|Nya~.ActiveCfg = Release|x86
		{A42D2AA2-DD47-476D-9E12-B56F2D54CAEC}.Poi~|Nya~.Build.0 = Release|x86
		{3769BAC9-C89F-4EAC-85A0-27CD4728EA5F}.Poi~|Nya~.ActiveCfg = Release|x64
		{3769BAC9-C89F-4EAC-85A0-27CD4728EA5F}.Poi~|Nya~.Build.0 = Release|x64
	EndGlobalSection
	GlobalSection(SolutionProperties) = preSolution
		HideSolutionNode = FALSE
	EndGlobalSection
	GlobalSection(ExtensibilityGlobals) = postSolution
		SolutionGuid = {21DAF963-DDEB-46B7-B9EE-5DB59F473753}
	EndGlobalSection
EndGlobal
