
Microsoft Visual Studio Solution File, Format Version 12.00
# Visual Studio Version 16
VisualStudioVersion = 16.0.30225.117
MinimumVisualStudioVersion = 10.0.40219.1
Project("{FAE04EC0-301F-11D3-BF4B-00C04F79EFBC}") = "tlcs", "tlcs\tlcs.csproj", "{CE1AF03F-AF8E-4B45-9204-3E27EC4FF5A9}"
EndProject
Global
	GlobalSection(SolutionConfigurationPlatforms) = preSolution
		Debug|Any CPU = Debug|Any CPU
		Release|Any CPU = Release|Any CPU
	EndGlobalSection
	GlobalSection(ProjectConfigurationPlatforms) = postSolution
		{CE1AF03F-AF8E-4B45-9204-3E27EC4FF5A9}.Debug|Any CPU.ActiveCfg = Debug|Any CPU
		{CE1AF03F-AF8E-4B45-9204-3E27EC4FF5A9}.Debug|Any CPU.Build.0 = Debug|Any CPU
		{CE1AF03F-AF8E-4B45-9204-3E27EC4FF5A9}.Release|Any CPU.ActiveCfg = Release|Any CPU
		{CE1AF03F-AF8E-4B45-9204-3E27EC4FF5A9}.Release|Any CPU.Build.0 = Release|Any CPU
	EndGlobalSection
	GlobalSection(SolutionProperties) = preSolution
		HideSolutionNode = FALSE
	EndGlobalSection
	GlobalSection(ExtensibilityGlobals) = postSolution
		SolutionGuid = {202AC656-4605-4076-BFC5-FD53AC129956}
	EndGlobalSection
EndGlobal
